
Microsoft Visual Studio Solution File, Format Version 12.00
# Visual Studio Version 16
VisualStudioVersion = 16.0.31112.23
MinimumVisualStudioVersion = 10.0.40219.1
Project("{FAE04EC0-301F-11D3-BF4B-00C04F79EFBC}") = "DependencyInjection-Structuring", "DependencyInjection-Structuring\DependencyInjection-Structuring.csproj", "{36465192-DC8E-4F9D-B8A5-D7BDB7D90B4E}"
EndProject
Project("{FAE04EC0-301F-11D3-BF4B-00C04F79EFBC}") = "Library", "Library\Library.csproj", "{5D3239C3-592E-4853-8684-71C7F72DBCBE}"
EndProject
Project("{FAE04EC0-301F-11D3-BF4B-00C04F79EFBC}") = "Dependency-injection-MVC", "Dependency-injection-MVC\Dependency-injection-MVC.csproj", "{C57897AB-A855-4DC5-85DF-C04D95E3B71E}"
EndProject
Global
	GlobalSection(SolutionConfigurationPlatforms) = preSolution
		Debug|Any CPU = Debug|Any CPU
		Release|Any CPU = Release|Any CPU
	EndGlobalSection
	GlobalSection(ProjectConfigurationPlatforms) = postSolution
		{36465192-DC8E-4F9D-B8A5-D7BDB7D90B4E}.Debug|Any CPU.ActiveCfg = Debug|Any CPU
		{36465192-DC8E-4F9D-B8A5-D7BDB7D90B4E}.Debug|Any CPU.Build.0 = Debug|Any CPU
		{36465192-DC8E-4F9D-B8A5-D7BDB7D90B4E}.Release|Any CPU.ActiveCfg = Release|Any CPU
		{36465192-DC8E-4F9D-B8A5-D7BDB7D90B4E}.Release|Any CPU.Build.0 = Release|Any CPU
		{5D3239C3-592E-4853-8684-71C7F72DBCBE}.Debug|Any CPU.ActiveCfg = Debug|Any CPU
		{5D3239C3-592E-4853-8684-71C7F72DBCBE}.Debug|Any CPU.Build.0 = Debug|Any CPU
		{5D3239C3-592E-4853-8684-71C7F72DBCBE}.Release|Any CPU.ActiveCfg = Release|Any CPU
		{5D3239C3-592E-4853-8684-71C7F72DBCBE}.Release|Any CPU.Build.0 = Release|Any CPU
		{C57897AB-A855-4DC5-85DF-C04D95E3B71E}.Debug|Any CPU.ActiveCfg = Debug|Any CPU
		{C57897AB-A855-4DC5-85DF-C04D95E3B71E}.Debug|Any CPU.Build.0 = Debug|Any CPU
		{C57897AB-A855-4DC5-85DF-C04D95E3B71E}.Release|Any CPU.ActiveCfg = Release|Any CPU
		{C57897AB-A855-4DC5-85DF-C04D95E3B71E}.Release|Any CPU.Build.0 = Release|Any CPU
	EndGlobalSection
	GlobalSection(SolutionProperties) = preSolution
		HideSolutionNode = FALSE
	EndGlobalSection
	GlobalSection(ExtensibilityGlobals) = postSolution
		SolutionGuid = {A9ABFB2C-42AE-497D-A2B9-01BA15681786}
	EndGlobalSection
EndGlobal
